// !$*UTF8*$!
{
	archiveVersion = 1;
	classes = {
	};
	objectVersion = 56;
	objects = {

/* Begin PBXBuildFile section */
		611416862C2E47D4008CAD8D /* PokemonViewModel.swift in Sources */ = {isa = PBXBuildFile; fileRef = 611416852C2E47D4008CAD8D /* PokemonViewModel.swift */; };
		6139DF552C33897800952D7D /* PokemonDetail.swift in Sources */ = {isa = PBXBuildFile; fileRef = 6139DF542C33897800952D7D /* PokemonDetail.swift */; };
		6139DF572C338C8900952D7D /* SamplePokemon.swift in Sources */ = {isa = PBXBuildFile; fileRef = 6139DF562C338C8900952D7D /* SamplePokemon.swift */; };
		6139DF592C33959A00952D7D /* Pokemon+Ext.swift in Sources */ = {isa = PBXBuildFile; fileRef = 6139DF582C33959A00952D7D /* Pokemon+Ext.swift */; };
		616DDD082C2CF13600AE035E /* FetchController.swift in Sources */ = {isa = PBXBuildFile; fileRef = 616DDD072C2CF13600AE035E /* FetchController.swift */; };
		618EDFD32C2BAA4500BCD615 /* PokedexApp.swift in Sources */ = {isa = PBXBuildFile; fileRef = 618EDFD22C2BAA4500BCD615 /* PokedexApp.swift */; };
		618EDFD52C2BAA4500BCD615 /* ContentView.swift in Sources */ = {isa = PBXBuildFile; fileRef = 618EDFD42C2BAA4500BCD615 /* ContentView.swift */; };
		618EDFD72C2BAA4600BCD615 /* Assets.xcassets in Resources */ = {isa = PBXBuildFile; fileRef = 618EDFD62C2BAA4600BCD615 /* Assets.xcassets */; };
		618EDFDA2C2BAA4600BCD615 /* Preview Assets.xcassets in Resources */ = {isa = PBXBuildFile; fileRef = 618EDFD92C2BAA4600BCD615 /* Preview Assets.xcassets */; };
		618EDFDC2C2BAA4600BCD615 /* Persistence.swift in Sources */ = {isa = PBXBuildFile; fileRef = 618EDFDB2C2BAA4600BCD615 /* Persistence.swift */; };
		618EDFDF2C2BAA4600BCD615 /* Pokedex.xcdatamodeld in Sources */ = {isa = PBXBuildFile; fileRef = 618EDFDD2C2BAA4600BCD615 /* Pokedex.xcdatamodeld */; };
		618EDFE62C2BAF5E00BCD615 /* TempPokemon.swift in Sources */ = {isa = PBXBuildFile; fileRef = 618EDFE52C2BAF5E00BCD615 /* TempPokemon.swift */; };
/* End PBXBuildFile section */

/* Begin PBXFileReference section */
		611416852C2E47D4008CAD8D /* PokemonViewModel.swift */ = {isa = PBXFileReference; lastKnownFileType = sourcecode.swift; path = PokemonViewModel.swift; sourceTree = "<group>"; };
		6139DF542C33897800952D7D /* PokemonDetail.swift */ = {isa = PBXFileReference; lastKnownFileType = sourcecode.swift; path = PokemonDetail.swift; sourceTree = "<group>"; };
		6139DF562C338C8900952D7D /* SamplePokemon.swift */ = {isa = PBXFileReference; lastKnownFileType = sourcecode.swift; path = SamplePokemon.swift; sourceTree = "<group>"; };
		6139DF582C33959A00952D7D /* Pokemon+Ext.swift */ = {isa = PBXFileReference; lastKnownFileType = sourcecode.swift; path = "Pokemon+Ext.swift"; sourceTree = "<group>"; };
		616DDD072C2CF13600AE035E /* FetchController.swift */ = {isa = PBXFileReference; lastKnownFileType = sourcecode.swift; path = FetchController.swift; sourceTree = "<group>"; };
		618EDFCF2C2BAA4500BCD615 /* Pokedex.app */ = {isa = PBXFileReference; explicitFileType = wrapper.application; includeInIndex = 0; path = Pokedex.app; sourceTree = BUILT_PRODUCTS_DIR; };
		618EDFD22C2BAA4500BCD615 /* PokedexApp.swift */ = {isa = PBXFileReference; lastKnownFileType = sourcecode.swift; path = PokedexApp.swift; sourceTree = "<group>"; };
		618EDFD42C2BAA4500BCD615 /* ContentView.swift */ = {isa = PBXFileReference; lastKnownFileType = sourcecode.swift; path = ContentView.swift; sourceTree = "<group>"; };
		618EDFD62C2BAA4600BCD615 /* Assets.xcassets */ = {isa = PBXFileReference; lastKnownFileType = folder.assetcatalog; path = Assets.xcassets; sourceTree = "<group>"; };
		618EDFD92C2BAA4600BCD615 /* Preview Assets.xcassets */ = {isa = PBXFileReference; lastKnownFileType = folder.assetcatalog; path = "Preview Assets.xcassets"; sourceTree = "<group>"; };
		618EDFDB2C2BAA4600BCD615 /* Persistence.swift */ = {isa = PBXFileReference; lastKnownFileType = sourcecode.swift; path = Persistence.swift; sourceTree = "<group>"; };
		618EDFDE2C2BAA4600BCD615 /* Pokedex.xcdatamodel */ = {isa = PBXFileReference; lastKnownFileType = wrapper.xcdatamodel; path = Pokedex.xcdatamodel; sourceTree = "<group>"; };
		618EDFE52C2BAF5E00BCD615 /* TempPokemon.swift */ = {isa = PBXFileReference; lastKnownFileType = sourcecode.swift; path = TempPokemon.swift; sourceTree = "<group>"; };
/* End PBXFileReference section */

/* Begin PBXFrameworksBuildPhase section */
		618EDFCC2C2BAA4500BCD615 /* Frameworks */ = {
			isa = PBXFrameworksBuildPhase;
			buildActionMask = 2147483647;
			files = (
			);
			runOnlyForDeploymentPostprocessing = 0;
		};
/* End PBXFrameworksBuildPhase section */

/* Begin PBXGroup section */
		618EDFC62C2BAA4500BCD615 = {
			isa = PBXGroup;
			children = (
				618EDFD12C2BAA4500BCD615 /* Pokedex */,
				618EDFD02C2BAA4500BCD615 /* Products */,
			);
			sourceTree = "<group>";
		};
		618EDFD02C2BAA4500BCD615 /* Products */ = {
			isa = PBXGroup;
			children = (
				618EDFCF2C2BAA4500BCD615 /* Pokedex.app */,
			);
			name = Products;
			sourceTree = "<group>";
		};
		618EDFD12C2BAA4500BCD615 /* Pokedex */ = {
			isa = PBXGroup;
			children = (
				618EDFD22C2BAA4500BCD615 /* PokedexApp.swift */,
				618EDFD42C2BAA4500BCD615 /* ContentView.swift */,
				6139DF542C33897800952D7D /* PokemonDetail.swift */,
				6139DF562C338C8900952D7D /* SamplePokemon.swift */,
				618EDFE52C2BAF5E00BCD615 /* TempPokemon.swift */,
				616DDD072C2CF13600AE035E /* FetchController.swift */,
				611416852C2E47D4008CAD8D /* PokemonViewModel.swift */,
				618EDFDB2C2BAA4600BCD615 /* Persistence.swift */,
				6139DF582C33959A00952D7D /* Pokemon+Ext.swift */,
				618EDFDD2C2BAA4600BCD615 /* Pokedex.xcdatamodeld */,
				618EDFD62C2BAA4600BCD615 /* Assets.xcassets */,
				618EDFD82C2BAA4600BCD615 /* Preview Content */,
			);
			path = Pokedex;
			sourceTree = "<group>";
		};
		618EDFD82C2BAA4600BCD615 /* Preview Content */ = {
			isa = PBXGroup;
			children = (
				618EDFD92C2BAA4600BCD615 /* Preview Assets.xcassets */,
			);
			path = "Preview Content";
			sourceTree = "<group>";
		};
/* End PBXGroup section */

/* Begin PBXNativeTarget section */
		618EDFCE2C2BAA4500BCD615 /* Pokedex */ = {
			isa = PBXNativeTarget;
			buildConfigurationList = 618EDFE22C2BAA4600BCD615 /* Build configuration list for PBXNativeTarget "Pokedex" */;
			buildPhases = (
				618EDFCB2C2BAA4500BCD615 /* Sources */,
				618EDFCC2C2BAA4500BCD615 /* Frameworks */,
				618EDFCD2C2BAA4500BCD615 /* Resources */,
			);
			buildRules = (
			);
			dependencies = (
			);
			name = Pokedex;
			productName = Pokedex;
			productReference = 618EDFCF2C2BAA4500BCD615 /* Pokedex.app */;
			productType = "com.apple.product-type.application";
		};
/* End PBXNativeTarget section */

/* Begin PBXProject section */
		618EDFC72C2BAA4500BCD615 /* Project object */ = {
			isa = PBXProject;
			attributes = {
				BuildIndependentTargetsInParallel = 1;
				LastSwiftUpdateCheck = 1500;
				LastUpgradeCheck = 1500;
				TargetAttributes = {
					618EDFCE2C2BAA4500BCD615 = {
						CreatedOnToolsVersion = 15.0;
					};
				};
			};
			buildConfigurationList = 618EDFCA2C2BAA4500BCD615 /* Build configuration list for PBXProject "Pokedex" */;
			compatibilityVersion = "Xcode 14.0";
			developmentRegion = en;
			hasScannedForEncodings = 0;
			knownRegions = (
				en,
				Base,
			);
			mainGroup = 618EDFC62C2BAA4500BCD615;
			productRefGroup = 618EDFD02C2BAA4500BCD615 /* Products */;
			projectDirPath = "";
			projectRoot = "";
			targets = (
				618EDFCE2C2BAA4500BCD615 /* Pokedex */,
			);
		};
/* End PBXProject section */

/* Begin PBXResourcesBuildPhase section */
		618EDFCD2C2BAA4500BCD615 /* Resources */ = {
			isa = PBXResourcesBuildPhase;
			buildActionMask = 2147483647;
			files = (
				618EDFDA2C2BAA4600BCD615 /* Preview Assets.xcassets in Resources */,
				618EDFD72C2BAA4600BCD615 /* Assets.xcassets in Resources */,
			);
			runOnlyForDeploymentPostprocessing = 0;
		};
/* End PBXResourcesBuildPhase section */

/* Begin PBXSourcesBuildPhase section */
		618EDFCB2C2BAA4500BCD615 /* Sources */ = {
			isa = PBXSourcesBuildPhase;
			buildActionMask = 2147483647;
			files = (
				618EDFDF2C2BAA4600BCD615 /* Pokedex.xcdatamodeld in Sources */,
				618EDFDC2C2BAA4600BCD615 /* Persistence.swift in Sources */,
				6139DF552C33897800952D7D /* PokemonDetail.swift in Sources */,
				6139DF592C33959A00952D7D /* Pokemon+Ext.swift in Sources */,
				616DDD082C2CF13600AE035E /* FetchController.swift in Sources */,
				6139DF572C338C8900952D7D /* SamplePokemon.swift in Sources */,
				611416862C2E47D4008CAD8D /* PokemonViewModel.swift in Sources */,
				618EDFE62C2BAF5E00BCD615 /* TempPokemon.swift in Sources */,
				618EDFD52C2BAA4500BCD615 /* ContentView.swift in Sources */,
				618EDFD32C2BAA4500BCD615 /* PokedexApp.swift in Sources */,
			);
			runOnlyForDeploymentPostprocessing = 0;
		};
/* End PBXSourcesBuildPhase section */

/* Begin XCBuildConfiguration section */
		618EDFE02C2BAA4600BCD615 /* Debug */ = {
			isa = XCBuildConfiguration;
			buildSettings = {
				ALWAYS_SEARCH_USER_PATHS = NO;
				ASSETCATALOG_COMPILER_GENERATE_SWIFT_ASSET_SYMBOL_EXTENSIONS = YES;
				CLANG_ANALYZER_NONNULL = YES;
				CLANG_ANALYZER_NUMBER_OBJECT_CONVERSION = YES_AGGRESSIVE;
				CLANG_CXX_LANGUAGE_STANDARD = "gnu++20";
				CLANG_ENABLE_MODULES = YES;
				CLANG_ENABLE_OBJC_ARC = YES;
				CLANG_ENABLE_OBJC_WEAK = YES;
				CLANG_WARN_BLOCK_CAPTURE_AUTORELEASING = YES;
				CLANG_WARN_BOOL_CONVERSION = YES;
				CLANG_WARN_COMMA = YES;
				CLANG_WARN_CONSTANT_CONVERSION = YES;
				CLANG_WARN_DEPRECATED_OBJC_IMPLEMENTATIONS = YES;
				CLANG_WARN_DIRECT_OBJC_ISA_USAGE = YES_ERROR;
				CLANG_WARN_DOCUMENTATION_COMMENTS = YES;
				CLANG_WARN_EMPTY_BODY = YES;
				CLANG_WARN_ENUM_CONVERSION = YES;
				CLANG_WARN_INFINITE_RECURSION = YES;
				CLANG_WARN_INT_CONVERSION = YES;
				CLANG_WARN_NON_LITERAL_NULL_CONVERSION = YES;
				CLANG_WARN_OBJC_IMPLICIT_RETAIN_SELF = YES;
				CLANG_WARN_OBJC_LITERAL_CONVERSION = YES;
				CLANG_WARN_OBJC_ROOT_CLASS = YES_ERROR;
				CLANG_WARN_QUOTED_INCLUDE_IN_FRAMEWORK_HEADER = YES;
				CLANG_WARN_RANGE_LOOP_ANALYSIS = YES;
				CLANG_WARN_STRICT_PROTOTYPES = YES;
				CLANG_WARN_SUSPICIOUS_MOVE = YES;
				CLANG_WARN_UNGUARDED_AVAILABILITY = YES_AGGRESSIVE;
				CLANG_WARN_UNREACHABLE_CODE = YES;
				CLANG_WARN__DUPLICATE_METHOD_MATCH = YES;
				COPY_PHASE_STRIP = NO;
				DEBUG_INFORMATION_FORMAT = dwarf;
				ENABLE_STRICT_OBJC_MSGSEND = YES;
				ENABLE_TESTABILITY = YES;
				ENABLE_USER_SCRIPT_SANDBOXING = YES;
				GCC_C_LANGUAGE_STANDARD = gnu17;
				GCC_DYNAMIC_NO_PIC = NO;
				GCC_NO_COMMON_BLOCKS = YES;
				GCC_OPTIMIZATION_LEVEL = 0;
				GCC_PREPROCESSOR_DEFINITIONS = (
					"DEBUG=1",
					"$(inherited)",
				);
				GCC_WARN_64_TO_32_BIT_CONVERSION = YES;
				GCC_WARN_ABOUT_RETURN_TYPE = YES_ERROR;
				GCC_WARN_UNDECLARED_SELECTOR = YES;
				GCC_WARN_UNINITIALIZED_AUTOS = YES_AGGRESSIVE;
				GCC_WARN_UNUSED_FUNCTION = YES;
				GCC_WARN_UNUSED_VARIABLE = YES;
				IPHONEOS_DEPLOYMENT_TARGET = 17.0;
				LOCALIZATION_PREFERS_STRING_CATALOGS = YES;
				MTL_ENABLE_DEBUG_INFO = INCLUDE_SOURCE;
				MTL_FAST_MATH = YES;
				ONLY_ACTIVE_ARCH = YES;
				SDKROOT = iphoneos;
				SWIFT_ACTIVE_COMPILATION_CONDITIONS = "DEBUG $(inherited)";
				SWIFT_OPTIMIZATION_LEVEL = "-Onone";
			};
			name = Debug;
		};
		618EDFE12C2BAA4600BCD615 /* Release */ = {
			isa = XCBuildConfiguration;
			buildSettings = {
				ALWAYS_SEARCH_USER_PATHS = NO;
				ASSETCATALOG_COMPILER_GENERATE_SWIFT_ASSET_SYMBOL_EXTENSIONS = YES;
				CLANG_ANALYZER_NONNULL = YES;
				CLANG_ANALYZER_NUMBER_OBJECT_CONVERSION = YES_AGGRESSIVE;
				CLANG_CXX_LANGUAGE_STANDARD = "gnu++20";
				CLANG_ENABLE_MODULES = YES;
				CLANG_ENABLE_OBJC_ARC = YES;
				CLANG_ENABLE_OBJC_WEAK = YES;
				CLANG_WARN_BLOCK_CAPTURE_AUTORELEASING = YES;
				CLANG_WARN_BOOL_CONVERSION = YES;
				CLANG_WARN_COMMA = YES;
				CLANG_WARN_CONSTANT_CONVERSION = YES;
				CLANG_WARN_DEPRECATED_OBJC_IMPLEMENTATIONS = YES;
				CLANG_WARN_DIRECT_OBJC_ISA_USAGE = YES_ERROR;
				CLANG_WARN_DOCUMENTATION_COMMENTS = YES;
				CLANG_WARN_EMPTY_BODY = YES;
				CLANG_WARN_ENUM_CONVERSION = YES;
				CLANG_WARN_INFINITE_RECURSION = YES;
				CLANG_WARN_INT_CONVERSION = YES;
				CLANG_WARN_NON_LITERAL_NULL_CONVERSION = YES;
				CLANG_WARN_OBJC_IMPLICIT_RETAIN_SELF = YES;
				CLANG_WARN_OBJC_LITERAL_CONVERSION = YES;
				CLANG_WARN_OBJC_ROOT_CLASS = YES_ERROR;
				CLANG_WARN_QUOTED_INCLUDE_IN_FRAMEWORK_HEADER = YES;
				CLANG_WARN_RANGE_LOOP_ANALYSIS = YES;
				CLANG_WARN_STRICT_PROTOTYPES = YES;
				CLANG_WARN_SUSPICIOUS_MOVE = YES;
				CLANG_WARN_UNGUARDED_AVAILABILITY = YES_AGGRESSIVE;
				CLANG_WARN_UNREACHABLE_CODE = YES;
				CLANG_WARN__DUPLICATE_METHOD_MATCH = YES;
				COPY_PHASE_STRIP = NO;
				DEBUG_INFORMATION_FORMAT = "dwarf-with-dsym";
				ENABLE_NS_ASSERTIONS = NO;
				ENABLE_STRICT_OBJC_MSGSEND = YES;
				ENABLE_USER_SCRIPT_SANDBOXING = YES;
				GCC_C_LANGUAGE_STANDARD = gnu17;
				GCC_NO_COMMON_BLOCKS = YES;
				GCC_WARN_64_TO_32_BIT_CONVERSION = YES;
				GCC_WARN_ABOUT_RETURN_TYPE = YES_ERROR;
				GCC_WARN_UNDECLARED_SELECTOR = YES;
				GCC_WARN_UNINITIALIZED_AUTOS = YES_AGGRESSIVE;
				GCC_WARN_UNUSED_FUNCTION = YES;
				GCC_WARN_UNUSED_VARIABLE = YES;
				IPHONEOS_DEPLOYMENT_TARGET = 17.0;
				LOCALIZATION_PREFERS_STRING_CATALOGS = YES;
				MTL_ENABLE_DEBUG_INFO = NO;
				MTL_FAST_MATH = YES;
				SDKROOT = iphoneos;
				SWIFT_COMPILATION_MODE = wholemodule;
				VALIDATE_PRODUCT = YES;
			};
			name = Release;
		};
		618EDFE32C2BAA4600BCD615 /* Debug */ = {
			isa = XCBuildConfiguration;
			buildSettings = {
				ASSETCATALOG_COMPILER_APPICON_NAME = AppIcon;
				ASSETCATALOG_COMPILER_GLOBAL_ACCENT_COLOR_NAME = AccentColor;
				CODE_SIGN_STYLE = Automatic;
				CURRENT_PROJECT_VERSION = 1;
				DEVELOPMENT_ASSET_PATHS = "\"Pokedex/Preview Content\"";
				DEVELOPMENT_TEAM = 6LKSUF5VU2;
				ENABLE_PREVIEWS = YES;
				GENERATE_INFOPLIST_FILE = YES;
				INFOPLIST_KEY_UIApplicationSceneManifest_Generation = YES;
				INFOPLIST_KEY_UIApplicationSupportsIndirectInputEvents = YES;
				INFOPLIST_KEY_UILaunchScreen_Generation = YES;
				INFOPLIST_KEY_UISupportedInterfaceOrientations_iPad = "UIInterfaceOrientationPortrait UIInterfaceOrientationPortraitUpsideDown UIInterfaceOrientationLandscapeLeft UIInterfaceOrientationLandscapeRight";
				INFOPLIST_KEY_UISupportedInterfaceOrientations_iPhone = "UIInterfaceOrientationPortrait UIInterfaceOrientationLandscapeLeft UIInterfaceOrientationLandscapeRight";
				LD_RUNPATH_SEARCH_PATHS = (
					"$(inherited)",
					"@executable_path/Frameworks",
				);
				MARKETING_VERSION = 1.0;
				PRODUCT_BUNDLE_IDENTIFIER = com.cloviscarmezini.Pokedex;
				PRODUCT_NAME = "$(TARGET_NAME)";
				SWIFT_EMIT_LOC_STRINGS = YES;
				SWIFT_VERSION = 5.0;
				TARGETED_DEVICE_FAMILY = "1,2";
			};
			name = Debug;
		};
		618EDFE42C2BAA4600BCD615 /* Release */ = {
			isa = XCBuildConfiguration;
			buildSettings = {
				ASSETCATALOG_COMPILER_APPICON_NAME = AppIcon;
				ASSETCATALOG_COMPILER_GLOBAL_ACCENT_COLOR_NAME = AccentColor;
				CODE_SIGN_STYLE = Automatic;
				CURRENT_PROJECT_VERSION = 1;
				DEVELOPMENT_ASSET_PATHS = "\"Pokedex/Preview Content\"";
				DEVELOPMENT_TEAM = 6LKSUF5VU2;
				ENABLE_PREVIEWS = YES;
				GENERATE_INFOPLIST_FILE = YES;
				INFOPLIST_KEY_UIApplicationSceneManifest_Generation = YES;
				INFOPLIST_KEY_UIApplicationSupportsIndirectInputEvents = YES;
				INFOPLIST_KEY_UILaunchScreen_Generation = YES;
				INFOPLIST_KEY_UISupportedInterfaceOrientations_iPad = "UIInterfaceOrientationPortrait UIInterfaceOrientationPortraitUpsideDown UIInterfaceOrientationLandscapeLeft UIInterfaceOrientationLandscapeRight";
				INFOPLIST_KEY_UISupportedInterfaceOrientations_iPhone = "UIInterfaceOrientationPortrait UIInterfaceOrientationLandscapeLeft UIInterfaceOrientationLandscapeRight";
				LD_RUNPATH_SEARCH_PATHS = (
					"$(inherited)",
					"@executable_path/Frameworks",
				);
				MARKETING_VERSION = 1.0;
				PRODUCT_BUNDLE_IDENTIFIER = com.cloviscarmezini.Pokedex;
				PRODUCT_NAME = "$(TARGET_NAME)";
				SWIFT_EMIT_LOC_STRINGS = YES;
				SWIFT_VERSION = 5.0;
				TARGETED_DEVICE_FAMILY = "1,2";
			};
			name = Release;
		};
/* End XCBuildConfiguration section */

/* Begin XCConfigurationList section */
		618EDFCA2C2BAA4500BCD615 /* Build configuration list for PBXProject "Pokedex" */ = {
			isa = XCConfigurationList;
			buildConfigurations = (
				618EDFE02C2BAA4600BCD615 /* Debug */,
				618EDFE12C2BAA4600BCD615 /* Release */,
			);
			defaultConfigurationIsVisible = 0;
			defaultConfigurationName = Release;
		};
		618EDFE22C2BAA4600BCD615 /* Build configuration list for PBXNativeTarget "Pokedex" */ = {
			isa = XCConfigurationList;
			buildConfigurations = (
				618EDFE32C2BAA4600BCD615 /* Debug */,
				618EDFE42C2BAA4600BCD615 /* Release */,
			);
			defaultConfigurationIsVisible = 0;
			defaultConfigurationName = Release;
		};
/* End XCConfigurationList section */

/* Begin XCVersionGroup section */
		618EDFDD2C2BAA4600BCD615 /* Pokedex.xcdatamodeld */ = {
			isa = XCVersionGroup;
			children = (
				618EDFDE2C2BAA4600BCD615 /* Pokedex.xcdatamodel */,
			);
			currentVersion = 618EDFDE2C2BAA4600BCD615 /* Pokedex.xcdatamodel */;
			path = Pokedex.xcdatamodeld;
			sourceTree = "<group>";
			versionGroupType = wrapper.xcdatamodel;
		};
/* End XCVersionGroup section */
	};
	rootObject = 618EDFC72C2BAA4500BCD615 /* Project object */;
}
